# THIS IS AN AUTOGENERATED FILE. DO NOT EDIT THIS FILE DIRECTLY.
# yarn lockfile v1


axios@^0.21.1, axios@~0.21.1:
  version "0.21.1"
  resolved "https://registry.yarnpkg.com/axios/-/axios-0.21.1.tgz#22563481962f4d6bde9a76d516ef0e5d3c09b2b8"
  integrity sha512-dKQiRHxGD9PPRIUNIWvZhPTPpl1rf/OxTYKsqKUDjBwYylTvV7SjSHJb9ratfyzM6wCdLCOYLzs73qpg5c4iGA==
  dependencies:
    follow-redirects "^1.10.0"

follow-redirects@^1.10.0:
  version "1.14.1"
  resolved "https://registry.yarnpkg.com/follow-redirects/-/follow-redirects-1.14.1.tgz#d9114ded0a1cfdd334e164e6662ad02bfd91ff43"
  integrity sha512-HWqDgT7ZEkqRzBvc2s64vSZ/hfOceEol3ac/7tKwzuvEyWx3/4UegXh5oBOIotkGsObyk3xznnSRVADBgWSQVg==

kitsu-core@^9.1.18:
  version "9.1.18"
  resolved "https://registry.yarnpkg.com/kitsu-core/-/kitsu-core-9.1.18.tgz#2f0a8f01a5bc3f04484e244eadd98f6704545155"
  integrity sha512-3P5OMLtk5KhIhaVw6Oz78AzmnoqqMUpNeDusJYVpiwJdINOxTpN3RGlxf0kbiuoP+zSKaLYelIu3ELqDyCg1qw==

kitsu@~9.1.16:
  version "9.1.18"
  resolved "https://registry.yarnpkg.com/kitsu/-/kitsu-9.1.18.tgz#09c78df9b64ee3632209580c2f77e76fdbfda7f4"
  integrity sha512-fjHOE72kJh1HvK3ImZJZ4SQYW4dT8abPLpFyid7Exy96/jEgdxaLT8VSONU9KSBSUM4rYEXbrKw/HGysshoBsQ==
  dependencies:
    axios "^0.21.1"
    kitsu-core "^9.1.18"
    pluralize "^8.0.0"

minimist@~1.2.0:
  version "1.2.5"
  resolved "https://registry.yarnpkg.com/minimist/-/minimist-1.2.5.tgz#67d66014b66a6a8aaa0c083c5fd58df4e4e97602"
  integrity sha512-FM9nNUYrRBAELZQT3xeZQ7fmMOBg6nWNmJKTcgsJeaLstP/UODVpGsr5OhXhhXg6f+qtJ8uiZ+PUxkDWcgIXLw==

pluralize@^8.0.0:
  version "8.0.0"
  resolved "https://registry.yarnpkg.com/pluralize/-/pluralize-8.0.0.tgz#1a6fa16a38d12a1901e0320fa017051c539ce3b1"
  integrity sha512-Nc3IT5yHzflTfbjgqWcCPpo7DaKy4FnpB0l/zCAW0Tc7jxAiuqSxHasntB3D7887LSrA93kDJ9IXovxJYxyLCA==
